
Microsoft Visual Studio Solution File, Format Version 12.00
# Visual Studio Version 17
VisualStudioVersion = 17.3.32922.545
MinimumVisualStudioVersion = 10.0.40219.1
Project("{FAE04EC0-301F-11D3-BF4B-00C04F79EFBC}") = "ImageToASCII", "ImageToASCII\ImageToASCII.csproj", "{2B0D52C3-F35D-4E51-AFCB-AE89B14C6C37}"
EndProject
Global
	GlobalSection(SolutionConfigurationPlatforms) = preSolution
		Debug|Any CPU = Debug|Any CPU
		Release|Any CPU = Release|Any CPU
	EndGlobalSection
	GlobalSection(ProjectConfigurationPlatforms) = postSolution
		{2B0D52C3-F35D-4E51-AFCB-AE89B14C6C37}.Debug|Any CPU.ActiveCfg = Debug|Any CPU
		{2B0D52C3-F35D-4E51-AFCB-AE89B14C6C37}.Debug|Any CPU.Build.0 = Debug|Any CPU
		{2B0D52C3-F35D-4E51-AFCB-AE89B14C6C37}.Release|Any CPU.ActiveCfg = Release|Any CPU
		{2B0D52C3-F35D-4E51-AFCB-AE89B14C6C37}.Release|Any CPU.Build.0 = Release|Any CPU
	EndGlobalSection
	GlobalSection(SolutionProperties) = preSolution
		HideSolutionNode = FALSE
	EndGlobalSection
	GlobalSection(ExtensibilityGlobals) = postSolution
		SolutionGuid = {2446E797-151D-4C39-B0CD-EBF419427E24}
	EndGlobalSection
EndGlobal
